
Microsoft Visual Studio Solution File, Format Version 12.00
# Visual Studio Version 16
VisualStudioVersion = 16.0.28803.202
MinimumVisualStudioVersion = 10.0.40219.1
Project("{FAE04EC0-301F-11D3-BF4B-00C04F79EFBC}") = "DemeshkanОТКПривет", "DemeshkanОТКПривет.csproj", "{EA002E71-D1E3-444E-B3CF-E3C92C4D062D}"
EndProject
Global
	GlobalSection(SolutionConfigurationPlatforms) = preSolution
		Debug|Any CPU = Debug|Any CPU
		Release|Any CPU = Release|Any CPU
	EndGlobalSection
	GlobalSection(ProjectConfigurationPlatforms) = postSolution
		{EA002E71-D1E3-444E-B3CF-E3C92C4D062D}.Debug|Any CPU.ActiveCfg = Debug|Any CPU
		{EA002E71-D1E3-444E-B3CF-E3C92C4D062D}.Debug|Any CPU.Build.0 = Debug|Any CPU
		{EA002E71-D1E3-444E-B3CF-E3C92C4D062D}.Release|Any CPU.ActiveCfg = Release|Any CPU
		{EA002E71-D1E3-444E-B3CF-E3C92C4D062D}.Release|Any CPU.Build.0 = Release|Any CPU
	EndGlobalSection
	GlobalSection(SolutionProperties) = preSolution
		HideSolutionNode = FALSE
	EndGlobalSection
	GlobalSection(ExtensibilityGlobals) = postSolution
		SolutionGuid = {BA90330B-EE18-4E02-8C2B-6487AC5514C2}
	EndGlobalSection
EndGlobal
